
Microsoft Visual Studio Solution File, Format Version 12.00
# Visual Studio Version 16
VisualStudioVersion = 16.0.31702.278
MinimumVisualStudioVersion = 10.0.40219.1
Project("{FAE04EC0-301F-11D3-BF4B-00C04F79EFBC}") = "TiendaAPI", "TiendaAPI\TiendaAPI.csproj", "{32322899-D28B-40E9-864E-EDBCBF048F57}"
EndProject
Global
	GlobalSection(SolutionConfigurationPlatforms) = preSolution
		Debug|Any CPU = Debug|Any CPU
		Release|Any CPU = Release|Any CPU
	EndGlobalSection
	GlobalSection(ProjectConfigurationPlatforms) = postSolution
		{32322899-D28B-40E9-864E-EDBCBF048F57}.Debug|Any CPU.ActiveCfg = Debug|Any CPU
		{32322899-D28B-40E9-864E-EDBCBF048F57}.Debug|Any CPU.Build.0 = Debug|Any CPU
		{32322899-D28B-40E9-864E-EDBCBF048F57}.Release|Any CPU.ActiveCfg = Release|Any CPU
		{32322899-D28B-40E9-864E-EDBCBF048F57}.Release|Any CPU.Build.0 = Release|Any CPU
	EndGlobalSection
	GlobalSection(SolutionProperties) = preSolution
		HideSolutionNode = FALSE
	EndGlobalSection
	GlobalSection(ExtensibilityGlobals) = postSolution
		SolutionGuid = {FF14A688-B978-49B9-9B1B-07B80655B098}
	EndGlobalSection
EndGlobal
